// !$*UTF8*$!
{
	archiveVersion = 1;
	classes = {
	};
	objectVersion = 56;
	objects = {

/* Begin PBXBuildFile section */
		141128EE28E7961D00BE6882 /* Berserk - Episódio 1.mp4 in Resources */ = {isa = PBXBuildFile; fileRef = 1464356D28E786B7002850E3 /* Berserk - Episódio 1.mp4 */; };
		141128F228E7997600BE6882 /* UIView.swift in Sources */ = {isa = PBXBuildFile; fileRef = 141128F128E7997600BE6882 /* UIView.swift */; };
		141128F628E799FD00BE6882 /* Assets.swift in Sources */ = {isa = PBXBuildFile; fileRef = 141128F528E799FD00BE6882 /* Assets.swift */; };
		141128F828E79C3200BE6882 /* dio - holy diver.mp3 in Resources */ = {isa = PBXBuildFile; fileRef = 141128F728E79C3200BE6882 /* dio - holy diver.mp3 */; };
		1464354F28E763D7002850E3 /* AppDelegate.swift in Sources */ = {isa = PBXBuildFile; fileRef = 1464354E28E763D7002850E3 /* AppDelegate.swift */; };
		1464355128E763D7002850E3 /* SceneDelegate.swift in Sources */ = {isa = PBXBuildFile; fileRef = 1464355028E763D7002850E3 /* SceneDelegate.swift */; };
		1464355328E763D7002850E3 /* View.swift in Sources */ = {isa = PBXBuildFile; fileRef = 1464355228E763D7002850E3 /* View.swift */; };
		1464355828E763D9002850E3 /* Assets.xcassets in Resources */ = {isa = PBXBuildFile; fileRef = 1464355728E763D9002850E3 /* Assets.xcassets */; };
		1464355B28E763D9002850E3 /* LaunchScreen.storyboard in Resources */ = {isa = PBXBuildFile; fileRef = 1464355928E763D9002850E3 /* LaunchScreen.storyboard */; };
		1464356328E76846002850E3 /* Chopin - Nocturne in F minor Op 55 No 1.mp3 in Resources */ = {isa = PBXBuildFile; fileRef = 1464356228E76846002850E3 /* Chopin - Nocturne in F minor Op 55 No 1.mp3 */; };
		1464356F28E786FE002850E3 /* Player.swift in Sources */ = {isa = PBXBuildFile; fileRef = 1464356E28E786FE002850E3 /* Player.swift */; };
/* End PBXBuildFile section */

/* Begin PBXFileReference section */
		141128F128E7997600BE6882 /* UIView.swift */ = {isa = PBXFileReference; lastKnownFileType = sourcecode.swift; path = UIView.swift; sourceTree = "<group>"; };
		141128F528E799FD00BE6882 /* Assets.swift */ = {isa = PBXFileReference; lastKnownFileType = sourcecode.swift; path = Assets.swift; sourceTree = "<group>"; };
		141128F728E79C3200BE6882 /* dio - holy diver.mp3 */ = {isa = PBXFileReference; lastKnownFileType = audio.mp3; path = "dio - holy diver.mp3"; sourceTree = "<group>"; };
		1464354B28E763D7002850E3 /* Player.app */ = {isa = PBXFileReference; explicitFileType = wrapper.application; includeInIndex = 0; path = Player.app; sourceTree = BUILT_PRODUCTS_DIR; };
		1464354E28E763D7002850E3 /* AppDelegate.swift */ = {isa = PBXFileReference; lastKnownFileType = sourcecode.swift; path = AppDelegate.swift; sourceTree = "<group>"; };
		1464355028E763D7002850E3 /* SceneDelegate.swift */ = {isa = PBXFileReference; lastKnownFileType = sourcecode.swift; path = SceneDelegate.swift; sourceTree = "<group>"; };
		1464355228E763D7002850E3 /* View.swift */ = {isa = PBXFileReference; lastKnownFileType = sourcecode.swift; path = View.swift; sourceTree = "<group>"; };
		1464355728E763D9002850E3 /* Assets.xcassets */ = {isa = PBXFileReference; lastKnownFileType = folder.assetcatalog; path = Assets.xcassets; sourceTree = "<group>"; };
		1464355A28E763D9002850E3 /* Base */ = {isa = PBXFileReference; lastKnownFileType = file.storyboard; name = Base; path = Base.lproj/LaunchScreen.storyboard; sourceTree = "<group>"; };
		1464355C28E763D9002850E3 /* Info.plist */ = {isa = PBXFileReference; lastKnownFileType = text.plist.xml; path = Info.plist; sourceTree = "<group>"; };
		1464356228E76846002850E3 /* Chopin - Nocturne in F minor Op 55 No 1.mp3 */ = {isa = PBXFileReference; lastKnownFileType = audio.mp3; path = "Chopin - Nocturne in F minor Op 55 No 1.mp3"; sourceTree = "<group>"; };
		1464356D28E786B7002850E3 /* Berserk - Episódio 1.mp4 */ = {isa = PBXFileReference; lastKnownFileType = file; path = "Berserk - Episódio 1.mp4"; sourceTree = "<group>"; };
		1464356E28E786FE002850E3 /* Player.swift */ = {isa = PBXFileReference; lastKnownFileType = sourcecode.swift; path = Player.swift; sourceTree = "<group>"; };
/* End PBXFileReference section */

/* Begin PBXFrameworksBuildPhase section */
		1464354828E763D7002850E3 /* Frameworks */ = {
			isa = PBXFrameworksBuildPhase;
			buildActionMask = 2147483647;
			files = (
			);
			runOnlyForDeploymentPostprocessing = 0;
		};
/* End PBXFrameworksBuildPhase section */

/* Begin PBXGroup section */
		141128EF28E7993F00BE6882 /* Musics */ = {
			isa = PBXGroup;
			children = (
				141128F728E79C3200BE6882 /* dio - holy diver.mp3 */,
				1464356228E76846002850E3 /* Chopin - Nocturne in F minor Op 55 No 1.mp3 */,
			);
			path = Musics;
			sourceTree = "<group>";
		};
		141128F028E7994600BE6882 /* Videos */ = {
			isa = PBXGroup;
			children = (
				1464356D28E786B7002850E3 /* Berserk - Episódio 1.mp4 */,
			);
			path = Videos;
			sourceTree = "<group>";
		};
		141128F328E799AA00BE6882 /* Extensions */ = {
			isa = PBXGroup;
			children = (
				141128F128E7997600BE6882 /* UIView.swift */,
			);
			path = Extensions;
			sourceTree = "<group>";
		};
		141128F428E799DD00BE6882 /* Assets */ = {
			isa = PBXGroup;
			children = (
				141128F028E7994600BE6882 /* Videos */,
				141128EF28E7993F00BE6882 /* Musics */,
				1464355728E763D9002850E3 /* Assets.xcassets */,
				141128F528E799FD00BE6882 /* Assets.swift */,
			);
			path = Assets;
			sourceTree = "<group>";
		};
		1464354228E763D7002850E3 = {
			isa = PBXGroup;
			children = (
				1464354D28E763D7002850E3 /* Player */,
				1464354C28E763D7002850E3 /* Products */,
			);
			sourceTree = "<group>";
		};
		1464354C28E763D7002850E3 /* Products */ = {
			isa = PBXGroup;
			children = (
				1464354B28E763D7002850E3 /* Player.app */,
			);
			name = Products;
			sourceTree = "<group>";
		};
		1464354D28E763D7002850E3 /* Player */ = {
			isa = PBXGroup;
			children = (
				1464356528E76C8A002850E3 /* AppUtils */,
				1464356428E76C81002850E3 /* AppDelegate */,
				1464355228E763D7002850E3 /* View.swift */,
				1464355928E763D9002850E3 /* LaunchScreen.storyboard */,
				1464355C28E763D9002850E3 /* Info.plist */,
			);
			path = Player;
			sourceTree = "<group>";
		};
		1464356428E76C81002850E3 /* AppDelegate */ = {
			isa = PBXGroup;
			children = (
				1464354E28E763D7002850E3 /* AppDelegate.swift */,
				1464355028E763D7002850E3 /* SceneDelegate.swift */,
			);
			path = AppDelegate;
			sourceTree = "<group>";
		};
		1464356528E76C8A002850E3 /* AppUtils */ = {
			isa = PBXGroup;
			children = (
				141128F428E799DD00BE6882 /* Assets */,
				141128F328E799AA00BE6882 /* Extensions */,
				1464356E28E786FE002850E3 /* Player.swift */,
			);
			path = AppUtils;
			sourceTree = "<group>";
		};
/* End PBXGroup section */

/* Begin PBXNativeTarget section */
		1464354A28E763D7002850E3 /* Player */ = {
			isa = PBXNativeTarget;
			buildConfigurationList = 1464355F28E763D9002850E3 /* Build configuration list for PBXNativeTarget "Player" */;
			buildPhases = (
				1464354728E763D7002850E3 /* Sources */,
				1464354828E763D7002850E3 /* Frameworks */,
				1464354928E763D7002850E3 /* Resources */,
			);
			buildRules = (
			);
			dependencies = (
			);
			name = Player;
			productName = Player;
			productReference = 1464354B28E763D7002850E3 /* Player.app */;
			productType = "com.apple.product-type.application";
		};
/* End PBXNativeTarget section */

/* Begin PBXProject section */
		1464354328E763D7002850E3 /* Project object */ = {
			isa = PBXProject;
			attributes = {
				BuildIndependentTargetsInParallel = 1;
				LastSwiftUpdateCheck = 1400;
				LastUpgradeCheck = 1400;
				TargetAttributes = {
					1464354A28E763D7002850E3 = {
						CreatedOnToolsVersion = 14.0.1;
					};
				};
			};
			buildConfigurationList = 1464354628E763D7002850E3 /* Build configuration list for PBXProject "Player" */;
			compatibilityVersion = "Xcode 14.0";
			developmentRegion = en;
			hasScannedForEncodings = 0;
			knownRegions = (
				en,
				Base,
			);
			mainGroup = 1464354228E763D7002850E3;
			productRefGroup = 1464354C28E763D7002850E3 /* Products */;
			projectDirPath = "";
			projectRoot = "";
			targets = (
				1464354A28E763D7002850E3 /* Player */,
			);
		};
/* End PBXProject section */

/* Begin PBXResourcesBuildPhase section */
		1464354928E763D7002850E3 /* Resources */ = {
			isa = PBXResourcesBuildPhase;
			buildActionMask = 2147483647;
			files = (
				141128EE28E7961D00BE6882 /* Berserk - Episódio 1.mp4 in Resources */,
				1464355B28E763D9002850E3 /* LaunchScreen.storyboard in Resources */,
				1464355828E763D9002850E3 /* Assets.xcassets in Resources */,
				1464356328E76846002850E3 /* Chopin - Nocturne in F minor Op 55 No 1.mp3 in Resources */,
				141128F828E79C3200BE6882 /* dio - holy diver.mp3 in Resources */,
			);
			runOnlyForDeploymentPostprocessing = 0;
		};
/* End PBXResourcesBuildPhase section */

/* Begin PBXSourcesBuildPhase section */
		1464354728E763D7002850E3 /* Sources */ = {
			isa = PBXSourcesBuildPhase;
			buildActionMask = 2147483647;
			files = (
				141128F228E7997600BE6882 /* UIView.swift in Sources */,
				1464356F28E786FE002850E3 /* Player.swift in Sources */,
				141128F628E799FD00BE6882 /* Assets.swift in Sources */,
				1464355328E763D7002850E3 /* View.swift in Sources */,
				1464354F28E763D7002850E3 /* AppDelegate.swift in Sources */,
				1464355128E763D7002850E3 /* SceneDelegate.swift in Sources */,
			);
			runOnlyForDeploymentPostprocessing = 0;
		};
/* End PBXSourcesBuildPhase section */

/* Begin PBXVariantGroup section */
		1464355928E763D9002850E3 /* LaunchScreen.storyboard */ = {
			isa = PBXVariantGroup;
			children = (
				1464355A28E763D9002850E3 /* Base */,
			);
			name = LaunchScreen.storyboard;
			sourceTree = "<group>";
		};
/* End PBXVariantGroup section */

/* Begin XCBuildConfiguration section */
		1464355D28E763D9002850E3 /* Debug */ = {
			isa = XCBuildConfiguration;
			buildSettings = {
				ALWAYS_SEARCH_USER_PATHS = NO;
				CLANG_ANALYZER_NONNULL = YES;
				CLANG_ANALYZER_NUMBER_OBJECT_CONVERSION = YES_AGGRESSIVE;
				CLANG_CXX_LANGUAGE_STANDARD = "gnu++20";
				CLANG_ENABLE_MODULES = YES;
				CLANG_ENABLE_OBJC_ARC = YES;
				CLANG_ENABLE_OBJC_WEAK = YES;
				CLANG_WARN_BLOCK_CAPTURE_AUTORELEASING = YES;
				CLANG_WARN_BOOL_CONVERSION = YES;
				CLANG_WARN_COMMA = YES;
				CLANG_WARN_CONSTANT_CONVERSION = YES;
				CLANG_WARN_DEPRECATED_OBJC_IMPLEMENTATIONS = YES;
				CLANG_WARN_DIRECT_OBJC_ISA_USAGE = YES_ERROR;
				CLANG_WARN_DOCUMENTATION_COMMENTS = YES;
				CLANG_WARN_EMPTY_BODY = YES;
				CLANG_WARN_ENUM_CONVERSION = YES;
				CLANG_WARN_INFINITE_RECURSION = YES;
				CLANG_WARN_INT_CONVERSION = YES;
				CLANG_WARN_NON_LITERAL_NULL_CONVERSION = YES;
				CLANG_WARN_OBJC_IMPLICIT_RETAIN_SELF = YES;
				CLANG_WARN_OBJC_LITERAL_CONVERSION = YES;
				CLANG_WARN_OBJC_ROOT_CLASS = YES_ERROR;
				CLANG_WARN_QUOTED_INCLUDE_IN_FRAMEWORK_HEADER = YES;
				CLANG_WARN_RANGE_LOOP_ANALYSIS = YES;
				CLANG_WARN_STRICT_PROTOTYPES = YES;
				CLANG_WARN_SUSPICIOUS_MOVE = YES;
				CLANG_WARN_UNGUARDED_AVAILABILITY = YES_AGGRESSIVE;
				CLANG_WARN_UNREACHABLE_CODE = YES;
				CLANG_WARN__DUPLICATE_METHOD_MATCH = YES;
				COPY_PHASE_STRIP = NO;
				DEBUG_INFORMATION_FORMAT = dwarf;
				ENABLE_STRICT_OBJC_MSGSEND = YES;
				ENABLE_TESTABILITY = YES;
				GCC_C_LANGUAGE_STANDARD = gnu11;
				GCC_DYNAMIC_NO_PIC = NO;
				GCC_NO_COMMON_BLOCKS = YES;
				GCC_OPTIMIZATION_LEVEL = 0;
				GCC_PREPROCESSOR_DEFINITIONS = (
					"DEBUG=1",
					"$(inherited)",
				);
				GCC_WARN_64_TO_32_BIT_CONVERSION = YES;
				GCC_WARN_ABOUT_RETURN_TYPE = YES_ERROR;
				GCC_WARN_UNDECLARED_SELECTOR = YES;
				GCC_WARN_UNINITIALIZED_AUTOS = YES_AGGRESSIVE;
				GCC_WARN_UNUSED_FUNCTION = YES;
				GCC_WARN_UNUSED_VARIABLE = YES;
				IPHONEOS_DEPLOYMENT_TARGET = 16.0;
				MTL_ENABLE_DEBUG_INFO = INCLUDE_SOURCE;
				MTL_FAST_MATH = YES;
				ONLY_ACTIVE_ARCH = YES;
				SDKROOT = iphoneos;
				SWIFT_ACTIVE_COMPILATION_CONDITIONS = DEBUG;
				SWIFT_OPTIMIZATION_LEVEL = "-Onone";
			};
			name = Debug;
		};
		1464355E28E763D9002850E3 /* Release */ = {
			isa = XCBuildConfiguration;
			buildSettings = {
				ALWAYS_SEARCH_USER_PATHS = NO;
				CLANG_ANALYZER_NONNULL = YES;
				CLANG_ANALYZER_NUMBER_OBJECT_CONVERSION = YES_AGGRESSIVE;
				CLANG_CXX_LANGUAGE_STANDARD = "gnu++20";
				CLANG_ENABLE_MODULES = YES;
				CLANG_ENABLE_OBJC_ARC = YES;
				CLANG_ENABLE_OBJC_WEAK = YES;
				CLANG_WARN_BLOCK_CAPTURE_AUTORELEASING = YES;
				CLANG_WARN_BOOL_CONVERSION = YES;
				CLANG_WARN_COMMA = YES;
				CLANG_WARN_CONSTANT_CONVERSION = YES;
				CLANG_WARN_DEPRECATED_OBJC_IMPLEMENTATIONS = YES;
				CLANG_WARN_DIRECT_OBJC_ISA_USAGE = YES_ERROR;
				CLANG_WARN_DOCUMENTATION_COMMENTS = YES;
				CLANG_WARN_EMPTY_BODY = YES;
				CLANG_WARN_ENUM_CONVERSION = YES;
				CLANG_WARN_INFINITE_RECURSION = YES;
				CLANG_WARN_INT_CONVERSION = YES;
				CLANG_WARN_NON_LITERAL_NULL_CONVERSION = YES;
				CLANG_WARN_OBJC_IMPLICIT_RETAIN_SELF = YES;
				CLANG_WARN_OBJC_LITERAL_CONVERSION = YES;
				CLANG_WARN_OBJC_ROOT_CLASS = YES_ERROR;
				CLANG_WARN_QUOTED_INCLUDE_IN_FRAMEWORK_HEADER = YES;
				CLANG_WARN_RANGE_LOOP_ANALYSIS = YES;
				CLANG_WARN_STRICT_PROTOTYPES = YES;
				CLANG_WARN_SUSPICIOUS_MOVE = YES;
				CLANG_WARN_UNGUARDED_AVAILABILITY = YES_AGGRESSIVE;
				CLANG_WARN_UNREACHABLE_CODE = YES;
				CLANG_WARN__DUPLICATE_METHOD_MATCH = YES;
				COPY_PHASE_STRIP = NO;
				DEBUG_INFORMATION_FORMAT = "dwarf-with-dsym";
				ENABLE_NS_ASSERTIONS = NO;
				ENABLE_STRICT_OBJC_MSGSEND = YES;
				GCC_C_LANGUAGE_STANDARD = gnu11;
				GCC_NO_COMMON_BLOCKS = YES;
				GCC_WARN_64_TO_32_BIT_CONVERSION = YES;
				GCC_WARN_ABOUT_RETURN_TYPE = YES_ERROR;
				GCC_WARN_UNDECLARED_SELECTOR = YES;
				GCC_WARN_UNINITIALIZED_AUTOS = YES_AGGRESSIVE;
				GCC_WARN_UNUSED_FUNCTION = YES;
				GCC_WARN_UNUSED_VARIABLE = YES;
				IPHONEOS_DEPLOYMENT_TARGET = 16.0;
				MTL_ENABLE_DEBUG_INFO = NO;
				MTL_FAST_MATH = YES;
				SDKROOT = iphoneos;
				SWIFT_COMPILATION_MODE = wholemodule;
				SWIFT_OPTIMIZATION_LEVEL = "-O";
				VALIDATE_PRODUCT = YES;
			};
			name = Release;
		};
		1464356028E763D9002850E3 /* Debug */ = {
			isa = XCBuildConfiguration;
			buildSettings = {
				ASSETCATALOG_COMPILER_APPICON_NAME = AppIcon;
				ASSETCATALOG_COMPILER_GLOBAL_ACCENT_COLOR_NAME = AccentColor;
				CODE_SIGN_STYLE = Automatic;
				CURRENT_PROJECT_VERSION = 1;
				GENERATE_INFOPLIST_FILE = YES;
				INFOPLIST_FILE = Player/Info.plist;
				INFOPLIST_KEY_UIApplicationSupportsIndirectInputEvents = YES;
				INFOPLIST_KEY_UILaunchStoryboardName = LaunchScreen;
				INFOPLIST_KEY_UIMainStoryboardFile = "";
				INFOPLIST_KEY_UISupportedInterfaceOrientations_iPad = "UIInterfaceOrientationPortrait UIInterfaceOrientationPortraitUpsideDown UIInterfaceOrientationLandscapeLeft UIInterfaceOrientationLandscapeRight";
				INFOPLIST_KEY_UISupportedInterfaceOrientations_iPhone = "UIInterfaceOrientationPortrait UIInterfaceOrientationLandscapeLeft UIInterfaceOrientationLandscapeRight";
				LD_RUNPATH_SEARCH_PATHS = (
					"$(inherited)",
					"@executable_path/Frameworks",
				);
				MARKETING_VERSION = 1.0;
				PRODUCT_BUNDLE_IDENTIFIER = "-Sys.Player";
				PRODUCT_NAME = "$(TARGET_NAME)";
				SWIFT_EMIT_LOC_STRINGS = YES;
				SWIFT_VERSION = 5.0;
				TARGETED_DEVICE_FAMILY = "1,2";
			};
			name = Debug;
		};
		1464356128E763D9002850E3 /* Release */ = {
			isa = XCBuildConfiguration;
			buildSettings = {
				ASSETCATALOG_COMPILER_APPICON_NAME = AppIcon;
				ASSETCATALOG_COMPILER_GLOBAL_ACCENT_COLOR_NAME = AccentColor;
				CODE_SIGN_STYLE = Automatic;
				CURRENT_PROJECT_VERSION = 1;
				GENERATE_INFOPLIST_FILE = YES;
				INFOPLIST_FILE = Player/Info.plist;
				INFOPLIST_KEY_UIApplicationSupportsIndirectInputEvents = YES;
				INFOPLIST_KEY_UILaunchStoryboardName = LaunchScreen;
				INFOPLIST_KEY_UIMainStoryboardFile = "";
				INFOPLIST_KEY_UISupportedInterfaceOrientations_iPad = "UIInterfaceOrientationPortrait UIInterfaceOrientationPortraitUpsideDown UIInterfaceOrientationLandscapeLeft UIInterfaceOrientationLandscapeRight";
				INFOPLIST_KEY_UISupportedInterfaceOrientations_iPhone = "UIInterfaceOrientationPortrait UIInterfaceOrientationLandscapeLeft UIInterfaceOrientationLandscapeRight";
				LD_RUNPATH_SEARCH_PATHS = (
					"$(inherited)",
					"@executable_path/Frameworks",
				);
				MARKETING_VERSION = 1.0;
				PRODUCT_BUNDLE_IDENTIFIER = "-Sys.Player";
				PRODUCT_NAME = "$(TARGET_NAME)";
				SWIFT_EMIT_LOC_STRINGS = YES;
				SWIFT_VERSION = 5.0;
				TARGETED_DEVICE_FAMILY = "1,2";
			};
			name = Release;
		};
/* End XCBuildConfiguration section */

/* Begin XCConfigurationList section */
		1464354628E763D7002850E3 /* Build configuration list for PBXProject "Player" */ = {
			isa = XCConfigurationList;
			buildConfigurations = (
				1464355D28E763D9002850E3 /* Debug */,
				1464355E28E763D9002850E3 /* Release */,
			);
			defaultConfigurationIsVisible = 0;
			defaultConfigurationName = Release;
		};
		1464355F28E763D9002850E3 /* Build configuration list for PBXNativeTarget "Player" */ = {
			isa = XCConfigurationList;
			buildConfigurations = (
				1464356028E763D9002850E3 /* Debug */,
				1464356128E763D9002850E3 /* Release */,
			);
			defaultConfigurationIsVisible = 0;
			defaultConfigurationName = Release;
		};
/* End XCConfigurationList section */
	};
	rootObject = 1464354328E763D7002850E3 /* Project object */;
}
